
Microsoft Visual Studio Solution File, Format Version 12.00
# Visual Studio Version 17
VisualStudioVersion = 17.1.32319.34
MinimumVisualStudioVersion = 10.0.40219.1
Project("{FAE04EC0-301F-11D3-BF4B-00C04F79EFBC}") = "ExtentionMethods", "ExtentionMethods\ExtentionMethods.csproj", "{ACDF4FA0-634F-42BE-90A5-8AFB1348AA95}"
EndProject
Global
	GlobalSection(SolutionConfigurationPlatforms) = preSolution
		Debug|Any CPU = Debug|Any CPU
		Release|Any CPU = Release|Any CPU
	EndGlobalSection
	GlobalSection(ProjectConfigurationPlatforms) = postSolution
		{ACDF4FA0-634F-42BE-90A5-8AFB1348AA95}.Debug|Any CPU.ActiveCfg = Debug|Any CPU
		{ACDF4FA0-634F-42BE-90A5-8AFB1348AA95}.Debug|Any CPU.Build.0 = Debug|Any CPU
		{ACDF4FA0-634F-42BE-90A5-8AFB1348AA95}.Release|Any CPU.ActiveCfg = Release|Any CPU
		{ACDF4FA0-634F-42BE-90A5-8AFB1348AA95}.Release|Any CPU.Build.0 = Release|Any CPU
	EndGlobalSection
	GlobalSection(SolutionProperties) = preSolution
		HideSolutionNode = FALSE
	EndGlobalSection
	GlobalSection(ExtensibilityGlobals) = postSolution
		SolutionGuid = {B3734490-7263-4991-9071-64E8B40F752F}
	EndGlobalSection
EndGlobal
