
Microsoft Visual Studio Solution File, Format Version 12.00
# Visual Studio Version 17
VisualStudioVersion = 17.1.32421.90
MinimumVisualStudioVersion = 10.0.40219.1
Project("{FAE04EC0-301F-11D3-BF4B-00C04F79EFBC}") = "NullableTypes", "NullableTypes\NullableTypes.csproj", "{3AB85108-04E7-436D-9D1C-01AB026FF47A}"
EndProject
Global
	GlobalSection(SolutionConfigurationPlatforms) = preSolution
		Debug|Any CPU = Debug|Any CPU
		Release|Any CPU = Release|Any CPU
	EndGlobalSection
	GlobalSection(ProjectConfigurationPlatforms) = postSolution
		{3AB85108-04E7-436D-9D1C-01AB026FF47A}.Debug|Any CPU.ActiveCfg = Debug|Any CPU
		{3AB85108-04E7-436D-9D1C-01AB026FF47A}.Debug|Any CPU.Build.0 = Debug|Any CPU
		{3AB85108-04E7-436D-9D1C-01AB026FF47A}.Release|Any CPU.ActiveCfg = Release|Any CPU
		{3AB85108-04E7-436D-9D1C-01AB026FF47A}.Release|Any CPU.Build.0 = Release|Any CPU
	EndGlobalSection
	GlobalSection(SolutionProperties) = preSolution
		HideSolutionNode = FALSE
	EndGlobalSection
	GlobalSection(ExtensibilityGlobals) = postSolution
		SolutionGuid = {671D7370-5226-439B-AB18-D56291FA8F14}
	EndGlobalSection
EndGlobal
